
Microsoft Visual Studio Solution File, Format Version 12.00
# Visual Studio Version 17
VisualStudioVersion = 17.5.33424.131
MinimumVisualStudioVersion = 10.0.40219.1
Project("{FAE04EC0-301F-11D3-BF4B-00C04F79EFBC}") = "TesteGit", "TesteGit\TesteGit.csproj", "{423ADA17-10DC-41D6-A565-15B606BEEB6A}"
EndProject
Global
	GlobalSection(SolutionConfigurationPlatforms) = preSolution
		Debug|Any CPU = Debug|Any CPU
		Release|Any CPU = Release|Any CPU
	EndGlobalSection
	GlobalSection(ProjectConfigurationPlatforms) = postSolution
		{423ADA17-10DC-41D6-A565-15B606BEEB6A}.Debug|Any CPU.ActiveCfg = Debug|Any CPU
		{423ADA17-10DC-41D6-A565-15B606BEEB6A}.Debug|Any CPU.Build.0 = Debug|Any CPU
		{423ADA17-10DC-41D6-A565-15B606BEEB6A}.Release|Any CPU.ActiveCfg = Release|Any CPU
		{423ADA17-10DC-41D6-A565-15B606BEEB6A}.Release|Any CPU.Build.0 = Release|Any CPU
	EndGlobalSection
	GlobalSection(SolutionProperties) = preSolution
		HideSolutionNode = FALSE
	EndGlobalSection
	GlobalSection(ExtensibilityGlobals) = postSolution
		SolutionGuid = {D8E5B866-F665-4DEC-B5F3-B42236A718E0}
	EndGlobalSection
EndGlobal
